{
  "object": {
    "pins": [
      {
        "package": "URLImage",
        "repositoryURL": "https://github.com/dmytro-anokhin/url-image.git",
        "state": {
          "branch": null,
          "revision": "5b9bb58e45309c039b1c35f5fcf3b73dc82231ca",
          "version": "0.9.14"
        }
      }
    ]
  },
  "version": 1
}
